
Microsoft Visual Studio Solution File, Format Version 12.00
# Visual Studio Version 17
VisualStudioVersion = 17.0.32014.148
MinimumVisualStudioVersion = 10.0.40219.1
Project("{9A19103F-16F7-4668-BE54-9A1E7A4F7556}") = "InvoiceManager_WebApplication", "InvoiceManager_WebApplication\InvoiceManager_WebApplication.csproj", "{01D3BD55-DE7F-4389-A36C-181A063D894A}"
EndProject
Project("{9A19103F-16F7-4668-BE54-9A1E7A4F7556}") = "InvoiceManager_BusinessEntity", "InvoiceManager_BusinessEntity\InvoiceManager_BusinessEntity.csproj", "{4FB1B8AC-4ABC-4F25-AE3A-85922CD57EDD}"
EndProject
Project("{9A19103F-16F7-4668-BE54-9A1E7A4F7556}") = "InvoiceManager_BuinessService_Interface", "InvoiceManager_BuinessService_Interface\InvoiceManager_BuinessService_Interface.csproj", "{4899B269-9018-498B-8E25-59EC28B6A63D}"
EndProject
Project("{9A19103F-16F7-4668-BE54-9A1E7A4F7556}") = "InvoiceManager_BuinessProccess", "InvoiceManager_BuinessProccess\InvoiceManager_BuinessProccess.csproj", "{A2EDAE95-A64F-4352-998A-FB093F01690F}"
EndProject
Project("{FAE04EC0-301F-11D3-BF4B-00C04F79EFBC}") = "InvoiceManager_BusinessService", "InvoiceManager_BusinessService\InvoiceManager_BusinessService.csproj", "{FDE2A48B-AB52-49AC-A58E-EB622D29190B}"
EndProject
Project("{FAE04EC0-301F-11D3-BF4B-00C04F79EFBC}") = "InvoiceManager_DataAccess", "InvoiceManager_DataAccess\InvoiceManager_DataAccess.csproj", "{D9B36ADA-922D-4AEE-8EA4-351E28CEBDC5}"
EndProject
Global
	GlobalSection(SolutionConfigurationPlatforms) = preSolution
		Debug|Any CPU = Debug|Any CPU
		Release|Any CPU = Release|Any CPU
	EndGlobalSection
	GlobalSection(ProjectConfigurationPlatforms) = postSolution
		{01D3BD55-DE7F-4389-A36C-181A063D894A}.Debug|Any CPU.ActiveCfg = Debug|Any CPU
		{01D3BD55-DE7F-4389-A36C-181A063D894A}.Debug|Any CPU.Build.0 = Debug|Any CPU
		{01D3BD55-DE7F-4389-A36C-181A063D894A}.Release|Any CPU.ActiveCfg = Release|Any CPU
		{01D3BD55-DE7F-4389-A36C-181A063D894A}.Release|Any CPU.Build.0 = Release|Any CPU
		{4FB1B8AC-4ABC-4F25-AE3A-85922CD57EDD}.Debug|Any CPU.ActiveCfg = Debug|Any CPU
		{4FB1B8AC-4ABC-4F25-AE3A-85922CD57EDD}.Debug|Any CPU.Build.0 = Debug|Any CPU
		{4FB1B8AC-4ABC-4F25-AE3A-85922CD57EDD}.Release|Any CPU.ActiveCfg = Release|Any CPU
		{4FB1B8AC-4ABC-4F25-AE3A-85922CD57EDD}.Release|Any CPU.Build.0 = Release|Any CPU
		{4899B269-9018-498B-8E25-59EC28B6A63D}.Debug|Any CPU.ActiveCfg = Debug|Any CPU
		{4899B269-9018-498B-8E25-59EC28B6A63D}.Debug|Any CPU.Build.0 = Debug|Any CPU
		{4899B269-9018-498B-8E25-59EC28B6A63D}.Release|Any CPU.ActiveCfg = Release|Any CPU
		{4899B269-9018-498B-8E25-59EC28B6A63D}.Release|Any CPU.Build.0 = Release|Any CPU
		{A2EDAE95-A64F-4352-998A-FB093F01690F}.Debug|Any CPU.ActiveCfg = Debug|Any CPU
		{A2EDAE95-A64F-4352-998A-FB093F01690F}.Debug|Any CPU.Build.0 = Debug|Any CPU
		{A2EDAE95-A64F-4352-998A-FB093F01690F}.Release|Any CPU.ActiveCfg = Release|Any CPU
		{A2EDAE95-A64F-4352-998A-FB093F01690F}.Release|Any CPU.Build.0 = Release|Any CPU
		{FDE2A48B-AB52-49AC-A58E-EB622D29190B}.Debug|Any CPU.ActiveCfg = Debug|Any CPU
		{FDE2A48B-AB52-49AC-A58E-EB622D29190B}.Debug|Any CPU.Build.0 = Debug|Any CPU
		{FDE2A48B-AB52-49AC-A58E-EB622D29190B}.Release|Any CPU.ActiveCfg = Release|Any CPU
		{FDE2A48B-AB52-49AC-A58E-EB622D29190B}.Release|Any CPU.Build.0 = Release|Any CPU
		{D9B36ADA-922D-4AEE-8EA4-351E28CEBDC5}.Debug|Any CPU.ActiveCfg = Debug|Any CPU
		{D9B36ADA-922D-4AEE-8EA4-351E28CEBDC5}.Debug|Any CPU.Build.0 = Debug|Any CPU
		{D9B36ADA-922D-4AEE-8EA4-351E28CEBDC5}.Release|Any CPU.ActiveCfg = Release|Any CPU
		{D9B36ADA-922D-4AEE-8EA4-351E28CEBDC5}.Release|Any CPU.Build.0 = Release|Any CPU
	EndGlobalSection
	GlobalSection(SolutionProperties) = preSolution
		HideSolutionNode = FALSE
	EndGlobalSection
	GlobalSection(ExtensibilityGlobals) = postSolution
		SolutionGuid = {3939E12F-36B5-41E0-9872-B7F69B671A7F}
	EndGlobalSection
EndGlobal
